# THIS IS AN AUTOGENERATED FILE. DO NOT EDIT THIS FILE DIRECTLY.
# yarn lockfile v1


async@2.1.4:
  version "2.1.4"
  resolved "https://registry.npmjs.org/async/-/async-2.1.4.tgz#2d2160c7788032e4dd6cbe2502f1f9a2c8f6cde4"
  dependencies:
    lodash "^4.14.0"

bluebird@3.5.0:
  version "3.5.0"
  resolved "https://registry.npmjs.org/bluebird/-/bluebird-3.5.0.tgz#791420d7f551eea2897453a8a77653f96606d67c"

bson@~1.0.4:
  version "1.0.6"
  resolved "https://registry.npmjs.org/bson/-/bson-1.0.6.tgz#444db59ddd4c24f0cb063aabdc5c8c7b0ceca912"

bytes@3.0.0:
  version "3.0.0"
  resolved "https://registry.npmjs.org/bytes/-/bytes-3.0.0.tgz#d32815404d689699f85a4ea4fa8755dd13a96048"

clone@^1.0.2:
  version "1.0.4"
  resolved "https://registry.npmjs.org/clone/-/clone-1.0.4.tgz#da309cc263df15994c688ca902179ca3c7cd7c7e"

content-type@1.0.4:
  version "1.0.4"
  resolved "https://registry.npmjs.org/content-type/-/content-type-1.0.4.tgz#e138cc75e040c727b1966fe5e5f8c9aee256fe3b"

cuid@2.1.4:
  version "2.1.4"
  resolved "https://registry.yarnpkg.com/cuid/-/cuid-2.1.4.tgz#e1178eb92a05ef9364b29a9942feed36d3604cdd"

debug@2.6.9:
  version "2.6.9"
  resolved "https://registry.npmjs.org/debug/-/debug-2.6.9.tgz#5d128515df134ff327e90a4c93f4e077a536341f"
  dependencies:
    ms "2.0.0"

defaults@^1.0.3:
  version "1.0.3"
  resolved "https://registry.npmjs.org/defaults/-/defaults-1.0.3.tgz#c656051e9817d9ff08ed881477f3fe4019f3ef7d"
  dependencies:
    clone "^1.0.2"

depd@1.1.1:
  version "1.1.1"
  resolved "https://registry.npmjs.org/depd/-/depd-1.1.1.tgz#5783b4e1c459f06fa5ca27f991f3d06e7a310359"

http-errors@1.6.2:
  version "1.6.2"
  resolved "https://registry.npmjs.org/http-errors/-/http-errors-1.6.2.tgz#0a002cc85707192a7e7946ceedc11155f60ec736"
  dependencies:
    depd "1.1.1"
    inherits "2.0.3"
    setprototypeof "1.0.3"
    statuses ">= 1.3.1 < 2"

iconv-lite@0.4.19:
  version "0.4.19"
  resolved "https://registry.npmjs.org/iconv-lite/-/iconv-lite-0.4.19.tgz#f7468f60135f5e5dad3399c0a81be9a1603a082b"

inherits@2.0.3:
  version "2.0.3"
  resolved "https://registry.npmjs.org/inherits/-/inherits-2.0.3.tgz#633c2c83e3da42a502f52466022480f4208261de"

is-stream@1.1.0:
  version "1.1.0"
  resolved "https://registry.npmjs.org/is-stream/-/is-stream-1.1.0.tgz#12d4a3dd4e68e0b79ceb8dbc84173ae80d91ca44"

kareem@2.0.5:
  version "2.0.5"
  resolved "http://registry.npmjs.org/kareem/-/kareem-2.0.5.tgz#437e1e40f1be304ee21b3e4790eb3a05418b35ca"

lodash.get@4.4.2:
  version "4.4.2"
  resolved "https://registry.npmjs.org/lodash.get/-/lodash.get-4.4.2.tgz#2d177f652fa31e939b4438d5341499dfa3825e99"

lodash@^4.14.0:
  version "4.17.5"
  resolved "https://registry.npmjs.org/lodash/-/lodash-4.17.5.tgz#99a92d65c0272debe8c96b6057bc8fbfa3bed511"

micro@9.1.0:
  version "9.1.0"
  resolved "https://registry.yarnpkg.com/micro/-/micro-9.1.0.tgz#f2effba306639076e994c007c327dfc36a5185e9"
  dependencies:
    content-type "1.0.4"
    is-stream "1.1.0"
    mri "1.1.0"
    raw-body "2.3.2"

mm-authenticate@0.0.7:
  version "0.0.7"
  resolved "https://registry.yarnpkg.com/mm-authenticate/-/mm-authenticate-0.0.7.tgz#882ec5fa430eb8f805227ffb3a242a916022d13d"
  integrity sha512-oSeMXH6+X9OzQu1iEn+r1zB1w1vC10tYSbEzGtBHSYQ1KS/9F+bMBrpLwppvrGgUEcOvz50RvuucuRq5pk5q8w==
  dependencies:
    micro "9.1.0"
    mm-schemas "0.0.6"

mm-schemas@0.0.6:
  version "0.0.6"
  resolved "https://registry.yarnpkg.com/mm-schemas/-/mm-schemas-0.0.6.tgz#61c3a0b676bac36f2d8915bd285ae22fbdda8b08"
  dependencies:
    cuid "2.1.4"
    mongoose "5.0.7"
    mongoose-timestamp "0.6.0"
    validator "9.4.1"

mm-schemas@0.0.7:
  version "0.0.7"
  resolved "https://registry.yarnpkg.com/mm-schemas/-/mm-schemas-0.0.7.tgz#21b72b2e49b32312ad989d7c120667a003e98035"
  integrity sha512-DWsWZ5JtPNtl9B0Mxr8HSF9+6Az7hngfwD17QA2RfQazGyQqRQmzYHKsjVGUOmOAZkSmOn0D4HWasPE2dGzjaA==
  dependencies:
    cuid "2.1.4"
    mongoose "5.0.7"
    mongoose-timestamp "0.6.0"
    validator "9.4.1"

mongodb-core@3.0.2:
  version "3.0.2"
  resolved "https://registry.yarnpkg.com/mongodb-core/-/mongodb-core-3.0.2.tgz#914896092dd45427d9a4f98a7997a0bfb81d163b"
  dependencies:
    bson "~1.0.4"
    require_optional "^1.0.1"

mongodb@3.0.2:
  version "3.0.2"
  resolved "https://registry.yarnpkg.com/mongodb/-/mongodb-3.0.2.tgz#28172302ed4e9388d8091e2cc4618057e6f5debc"
  dependencies:
    mongodb-core "3.0.2"

mongoose-legacy-pluralize@1.0.2:
  version "1.0.2"
  resolved "https://registry.npmjs.org/mongoose-legacy-pluralize/-/mongoose-legacy-pluralize-1.0.2.tgz#3ba9f91fa507b5186d399fb40854bff18fb563e4"

mongoose-timestamp@0.6.0:
  version "0.6.0"
  resolved "https://registry.yarnpkg.com/mongoose-timestamp/-/mongoose-timestamp-0.6.0.tgz#da54110ca8e6d4c2b9957a0366836c362ed272be"
  dependencies:
    defaults "^1.0.3"

mongoose@5.0.7:
  version "5.0.7"
  resolved "http://registry.npmjs.org/mongoose/-/mongoose-5.0.7.tgz#7c20a3c734ef4e8999f150e5a48e97dfa3f06951"
  dependencies:
    async "2.1.4"
    bson "~1.0.4"
    kareem "2.0.5"
    lodash.get "4.4.2"
    mongodb "3.0.2"
    mongoose-legacy-pluralize "1.0.2"
    mpath "0.3.0"
    mquery "3.0.0"
    ms "2.0.0"
    regexp-clone "0.0.1"
    sliced "1.0.1"

mpath@0.3.0:
  version "0.3.0"
  resolved "https://registry.yarnpkg.com/mpath/-/mpath-0.3.0.tgz#7a58f789e9b5fd3c94520634157960f26bd5ef44"

mquery@3.0.0:
  version "3.0.0"
  resolved "https://registry.npmjs.org/mquery/-/mquery-3.0.0.tgz#e5f387dbabc0b9b69859e550e810faabe0ceabb0"
  dependencies:
    bluebird "3.5.0"
    debug "2.6.9"
    regexp-clone "0.0.1"
    sliced "0.0.5"

mri@1.1.0:
  version "1.1.0"
  resolved "https://registry.npmjs.org/mri/-/mri-1.1.0.tgz#5c0a3f29c8ccffbbb1ec941dcec09d71fa32f36a"

ms@2.0.0:
  version "2.0.0"
  resolved "https://registry.npmjs.org/ms/-/ms-2.0.0.tgz#5608aeadfc00be6c2901df5f9861788de0d597c8"

raw-body@2.3.2:
  version "2.3.2"
  resolved "https://registry.npmjs.org/raw-body/-/raw-body-2.3.2.tgz#bcd60c77d3eb93cde0050295c3f379389bc88f89"
  dependencies:
    bytes "3.0.0"
    http-errors "1.6.2"
    iconv-lite "0.4.19"
    unpipe "1.0.0"

regexp-clone@0.0.1:
  version "0.0.1"
  resolved "https://registry.npmjs.org/regexp-clone/-/regexp-clone-0.0.1.tgz#a7c2e09891fdbf38fbb10d376fb73003e68ac589"

require_optional@^1.0.1:
  version "1.0.1"
  resolved "https://registry.npmjs.org/require_optional/-/require_optional-1.0.1.tgz#4cf35a4247f64ca3df8c2ef208cc494b1ca8fc2e"
  dependencies:
    resolve-from "^2.0.0"
    semver "^5.1.0"

resolve-from@^2.0.0:
  version "2.0.0"
  resolved "https://registry.npmjs.org/resolve-from/-/resolve-from-2.0.0.tgz#9480ab20e94ffa1d9e80a804c7ea147611966b57"

semver@^5.1.0:
  version "5.5.0"
  resolved "https://registry.npmjs.org/semver/-/semver-5.5.0.tgz#dc4bbc7a6ca9d916dee5d43516f0092b58f7b8ab"

setprototypeof@1.0.3:
  version "1.0.3"
  resolved "https://registry.npmjs.org/setprototypeof/-/setprototypeof-1.0.3.tgz#66567e37043eeb4f04d91bd658c0cbefb55b8e04"

sliced@0.0.5:
  version "0.0.5"
  resolved "https://registry.npmjs.org/sliced/-/sliced-0.0.5.tgz#5edc044ca4eb6f7816d50ba2fc63e25d8fe4707f"

sliced@1.0.1:
  version "1.0.1"
  resolved "https://registry.npmjs.org/sliced/-/sliced-1.0.1.tgz#0b3a662b5d04c3177b1926bea82b03f837a2ef41"

"statuses@>= 1.3.1 < 2":
  version "1.5.0"
  resolved "https://registry.npmjs.org/statuses/-/statuses-1.5.0.tgz#161c7dac177659fd9811f43771fa99381478628c"

unpipe@1.0.0:
  version "1.0.0"
  resolved "https://registry.npmjs.org/unpipe/-/unpipe-1.0.0.tgz#b2bf4ee8514aae6165b4817829d21b2ef49904ec"

validator@9.4.1:
  version "9.4.1"
  resolved "http://registry.npmjs.org/validator/-/validator-9.4.1.tgz#abf466d398b561cd243050112c6ff1de6cc12663"
